
Microsoft Visual Studio Solution File, Format Version 12.00
# Visual Studio Version 17
VisualStudioVersion = 17.6.33723.286
MinimumVisualStudioVersion = 10.0.40219.1
Project("{9092AA53-FB77-4645-B42D-1CCCA6BD08BD}") = "imraneapp", "imraneapp\imraneapp.njsproj", "{31F28EE0-C33C-44E6-8AE9-56EF9823FBFD}"
EndProject
Global
	GlobalSection(SolutionConfigurationPlatforms) = preSolution
		Debug|Any CPU = Debug|Any CPU
		Release|Any CPU = Release|Any CPU
	EndGlobalSection
	GlobalSection(ProjectConfigurationPlatforms) = postSolution
		{31F28EE0-C33C-44E6-8AE9-56EF9823FBFD}.Debug|Any CPU.ActiveCfg = Debug|Any CPU
		{31F28EE0-C33C-44E6-8AE9-56EF9823FBFD}.Debug|Any CPU.Build.0 = Debug|Any CPU
		{31F28EE0-C33C-44E6-8AE9-56EF9823FBFD}.Release|Any CPU.ActiveCfg = Release|Any CPU
		{31F28EE0-C33C-44E6-8AE9-56EF9823FBFD}.Release|Any CPU.Build.0 = Release|Any CPU
	EndGlobalSection
	GlobalSection(SolutionProperties) = preSolution
		HideSolutionNode = FALSE
	EndGlobalSection
	GlobalSection(ExtensibilityGlobals) = postSolution
		SolutionGuid = {F5BCA981-5CBA-4EBB-9D8E-C2BD3344391E}
	EndGlobalSection
EndGlobal
